
Microsoft Visual Studio Solution File, Format Version 12.00
# Visual Studio 14
VisualStudioVersion = 14.0.25420.1
MinimumVisualStudioVersion = 10.0.40219.1
Project("{FAE04EC0-301F-11D3-BF4B-00C04F79EFBC}") = "Mediator", "Mediator\Mediator.csproj", "{E6AC6C55-8E3B-432B-96DB-4950576EAF2F}"
EndProject
Project("{FAE04EC0-301F-11D3-BF4B-00C04F79EFBC}") = "Mediator_Sample", "Mediator_Sample\Mediator_Sample.csproj", "{A0939F61-F747-487C-A886-0B58358CD7D6}"
EndProject
Global
	GlobalSection(SolutionConfigurationPlatforms) = preSolution
		Debug|Any CPU = Debug|Any CPU
		Release|Any CPU = Release|Any CPU
	EndGlobalSection
	GlobalSection(ProjectConfigurationPlatforms) = postSolution
		{E6AC6C55-8E3B-432B-96DB-4950576EAF2F}.Debug|Any CPU.ActiveCfg = Debug|Any CPU
		{E6AC6C55-8E3B-432B-96DB-4950576EAF2F}.Debug|Any CPU.Build.0 = Debug|Any CPU
		{E6AC6C55-8E3B-432B-96DB-4950576EAF2F}.Release|Any CPU.ActiveCfg = Release|Any CPU
		{E6AC6C55-8E3B-432B-96DB-4950576EAF2F}.Release|Any CPU.Build.0 = Release|Any CPU
		{A0939F61-F747-487C-A886-0B58358CD7D6}.Debug|Any CPU.ActiveCfg = Debug|Any CPU
		{A0939F61-F747-487C-A886-0B58358CD7D6}.Debug|Any CPU.Build.0 = Debug|Any CPU
		{A0939F61-F747-487C-A886-0B58358CD7D6}.Release|Any CPU.ActiveCfg = Release|Any CPU
		{A0939F61-F747-487C-A886-0B58358CD7D6}.Release|Any CPU.Build.0 = Release|Any CPU
	EndGlobalSection
	GlobalSection(SolutionProperties) = preSolution
		HideSolutionNode = FALSE
	EndGlobalSection
EndGlobal
