
Microsoft Visual Studio Solution File, Format Version 12.00
# Visual Studio 14
VisualStudioVersion = 14.0.23107.0
MinimumVisualStudioVersion = 10.0.40219.1
Project("{FAE04EC0-301F-11D3-BF4B-00C04F79EFBC}") = "Interpreter", "Interpreter\Interpreter.csproj", "{04D51DFB-D5AE-4F9A-B7BD-384693F8DA01}"
EndProject
Project("{FAE04EC0-301F-11D3-BF4B-00C04F79EFBC}") = "Interpreter_Sample", "Interpreter_Sample\Interpreter_Sample.csproj", "{0F0CF19E-0322-4B62-84B6-BB82C316FFE1}"
EndProject
Global
	GlobalSection(SolutionConfigurationPlatforms) = preSolution
		Debug|Any CPU = Debug|Any CPU
		Release|Any CPU = Release|Any CPU
	EndGlobalSection
	GlobalSection(ProjectConfigurationPlatforms) = postSolution
		{04D51DFB-D5AE-4F9A-B7BD-384693F8DA01}.Debug|Any CPU.ActiveCfg = Debug|Any CPU
		{04D51DFB-D5AE-4F9A-B7BD-384693F8DA01}.Debug|Any CPU.Build.0 = Debug|Any CPU
		{04D51DFB-D5AE-4F9A-B7BD-384693F8DA01}.Release|Any CPU.ActiveCfg = Release|Any CPU
		{04D51DFB-D5AE-4F9A-B7BD-384693F8DA01}.Release|Any CPU.Build.0 = Release|Any CPU
		{0F0CF19E-0322-4B62-84B6-BB82C316FFE1}.Debug|Any CPU.ActiveCfg = Debug|Any CPU
		{0F0CF19E-0322-4B62-84B6-BB82C316FFE1}.Debug|Any CPU.Build.0 = Debug|Any CPU
		{0F0CF19E-0322-4B62-84B6-BB82C316FFE1}.Release|Any CPU.ActiveCfg = Release|Any CPU
		{0F0CF19E-0322-4B62-84B6-BB82C316FFE1}.Release|Any CPU.Build.0 = Release|Any CPU
	EndGlobalSection
	GlobalSection(SolutionProperties) = preSolution
		HideSolutionNode = FALSE
	EndGlobalSection
EndGlobal
